
Microsoft Visual Studio Solution File, Format Version 12.00
# Visual Studio Version 17
VisualStudioVersion = 17.4.33213.308
MinimumVisualStudioVersion = 10.0.40219.1
Project("{8BC9CEB8-8B4A-11D0-8D11-00A0C91BC942}") = "5_Arreglos", "5_Arreglos\5_Arreglos.vcxproj", "{769E58FD-9DCE-49CA-A507-20B4062B4564}"
EndProject
Global
	GlobalSection(SolutionConfigurationPlatforms) = preSolution
		Debug|x64 = Debug|x64
		Debug|x86 = Debug|x86
		Release|x64 = Release|x64
		Release|x86 = Release|x86
	EndGlobalSection
	GlobalSection(ProjectConfigurationPlatforms) = postSolution
		{769E58FD-9DCE-49CA-A507-20B4062B4564}.Debug|x64.ActiveCfg = Debug|x64
		{769E58FD-9DCE-49CA-A507-20B4062B4564}.Debug|x64.Build.0 = Debug|x64
		{769E58FD-9DCE-49CA-A507-20B4062B4564}.Debug|x86.ActiveCfg = Debug|Win32
		{769E58FD-9DCE-49CA-A507-20B4062B4564}.Debug|x86.Build.0 = Debug|Win32
		{769E58FD-9DCE-49CA-A507-20B4062B4564}.Release|x64.ActiveCfg = Release|x64
		{769E58FD-9DCE-49CA-A507-20B4062B4564}.Release|x64.Build.0 = Release|x64
		{769E58FD-9DCE-49CA-A507-20B4062B4564}.Release|x86.ActiveCfg = Release|Win32
		{769E58FD-9DCE-49CA-A507-20B4062B4564}.Release|x86.Build.0 = Release|Win32
	EndGlobalSection
	GlobalSection(SolutionProperties) = preSolution
		HideSolutionNode = FALSE
	EndGlobalSection
	GlobalSection(ExtensibilityGlobals) = postSolution
		SolutionGuid = {7DA37366-9BDB-4DA9-B79C-F5FC4F00BDB8}
	EndGlobalSection
EndGlobal
